
Microsoft Visual Studio Solution File, Format Version 12.00
# Visual Studio Version 16
VisualStudioVersion = 16.0.31129.286
MinimumVisualStudioVersion = 10.0.40219.1
Project("{8BC9CEB8-8B4A-11D0-8D11-00A0C91BC942}") = "001PBR", "myopengl\myopengl.vcxproj", "{9A2E9B7D-45C1-4800-850E-9699CF3A3C03}"
	ProjectSection(ProjectDependencies) = postProject
		{723731A2-3A95-4C89-8B97-D3BDBC24AD4F} = {723731A2-3A95-4C89-8B97-D3BDBC24AD4F}
	EndProjectSection
EndProject
Project("{8BC9CEB8-8B4A-11D0-8D11-00A0C91BC942}") = "002Voxelization", "Voxelization\Voxelization.vcxproj", "{EE5B8E2A-ABC2-4CBC-84A3-89F3E0F281D1}"
EndProject
Project("{8BC9CEB8-8B4A-11D0-8D11-00A0C91BC942}") = "Frame", "Frame\Frame.vcxproj", "{723731A2-3A95-4C89-8B97-D3BDBC24AD4F}"
EndProject
Global
	GlobalSection(SolutionConfigurationPlatforms) = preSolution
		Debug|x64 = Debug|x64
		Debug|x86 = Debug|x86
		Release|x64 = Release|x64
		Release|x86 = Release|x86
	EndGlobalSection
	GlobalSection(ProjectConfigurationPlatforms) = postSolution
		{9A2E9B7D-45C1-4800-850E-9699CF3A3C03}.Debug|x64.ActiveCfg = Debug|x64
		{9A2E9B7D-45C1-4800-850E-9699CF3A3C03}.Debug|x64.Build.0 = Debug|x64
		{9A2E9B7D-45C1-4800-850E-9699CF3A3C03}.Debug|x86.ActiveCfg = Debug|Win32
		{9A2E9B7D-45C1-4800-850E-9699CF3A3C03}.Debug|x86.Build.0 = Debug|Win32
		{9A2E9B7D-45C1-4800-850E-9699CF3A3C03}.Release|x64.ActiveCfg = Release|x64
		{9A2E9B7D-45C1-4800-850E-9699CF3A3C03}.Release|x64.Build.0 = Release|x64
		{9A2E9B7D-45C1-4800-850E-9699CF3A3C03}.Release|x86.ActiveCfg = Release|Win32
		{9A2E9B7D-45C1-4800-850E-9699CF3A3C03}.Release|x86.Build.0 = Release|Win32
		{EE5B8E2A-ABC2-4CBC-84A3-89F3E0F281D1}.Debug|x64.ActiveCfg = Debug|x64
		{EE5B8E2A-ABC2-4CBC-84A3-89F3E0F281D1}.Debug|x64.Build.0 = Debug|x64
		{EE5B8E2A-ABC2-4CBC-84A3-89F3E0F281D1}.Debug|x86.ActiveCfg = Debug|Win32
		{EE5B8E2A-ABC2-4CBC-84A3-89F3E0F281D1}.Debug|x86.Build.0 = Debug|Win32
		{EE5B8E2A-ABC2-4CBC-84A3-89F3E0F281D1}.Release|x64.ActiveCfg = Release|x64
		{EE5B8E2A-ABC2-4CBC-84A3-89F3E0F281D1}.Release|x64.Build.0 = Release|x64
		{EE5B8E2A-ABC2-4CBC-84A3-89F3E0F281D1}.Release|x86.ActiveCfg = Release|Win32
		{EE5B8E2A-ABC2-4CBC-84A3-89F3E0F281D1}.Release|x86.Build.0 = Release|Win32
		{723731A2-3A95-4C89-8B97-D3BDBC24AD4F}.Debug|x64.ActiveCfg = Debug|x64
		{723731A2-3A95-4C89-8B97-D3BDBC24AD4F}.Debug|x64.Build.0 = Debug|x64
		{723731A2-3A95-4C89-8B97-D3BDBC24AD4F}.Debug|x86.ActiveCfg = Debug|Win32
		{723731A2-3A95-4C89-8B97-D3BDBC24AD4F}.Debug|x86.Build.0 = Debug|Win32
		{723731A2-3A95-4C89-8B97-D3BDBC24AD4F}.Release|x64.ActiveCfg = Release|x64
		{723731A2-3A95-4C89-8B97-D3BDBC24AD4F}.Release|x64.Build.0 = Release|x64
		{723731A2-3A95-4C89-8B97-D3BDBC24AD4F}.Release|x86.ActiveCfg = Release|Win32
		{723731A2-3A95-4C89-8B97-D3BDBC24AD4F}.Release|x86.Build.0 = Release|Win32
	EndGlobalSection
	GlobalSection(SolutionProperties) = preSolution
		HideSolutionNode = FALSE
	EndGlobalSection
	GlobalSection(ExtensibilityGlobals) = postSolution
		SolutionGuid = {84CFDE83-A423-4ABB-8789-8DB658561CD4}
	EndGlobalSection
EndGlobal
