<?xml version="1.0" encoding="utf-8"?>
<Project ToolsVersion="4.0" xmlns="http://schemas.microsoft.com/developer/msbuild/2003">
  <ItemGroup>
    <Filter Include="SourceFiles">
      <UniqueIdentifier>{4FC737F1-C7A5-4376-A066-2A32D752A2FF}</UniqueIdentifier>
      <Extensions>cpp;c;cc;cxx;def;odl;idl;hpj;bat;asm;asmx</Extensions>
    </Filter>
    <Filter Include="SourceFiles\UI">
      <UniqueIdentifier>{dd9f8a4f-e9b8-4ef9-a5e1-5b68d4dab4ce}</UniqueIdentifier>
    </Filter>
    <Filter Include="SourceFiles\Texture">
      <UniqueIdentifier>{f33404ca-d5e8-4551-8dce-731300272052}</UniqueIdentifier>
    </Filter>
    <Filter Include="HeadFiles">
      <UniqueIdentifier>{93995380-89BD-4b04-88EB-625FBE52EBFB}</UniqueIdentifier>
      <Extensions>h;hh;hpp;hxx;hm;inl;inc;ipp;xsd</Extensions>
    </Filter>
    <Filter Include="HeadFiles\Camera">
      <UniqueIdentifier>{fe3e7451-902d-4028-8456-6ac87fbecd09}</UniqueIdentifier>
    </Filter>
    <Filter Include="HeadFiles\UI">
      <UniqueIdentifier>{ee0ff552-ce33-496f-94d9-626efb66b311}</UniqueIdentifier>
    </Filter>
    <Filter Include="HeadFiles\Model">
      <UniqueIdentifier>{83089fff-d4a1-4c2f-aa2c-12409e05d0a9}</UniqueIdentifier>
    </Filter>
    <Filter Include="HeadFiles\Time">
      <UniqueIdentifier>{6b251e62-af10-4842-a45f-be8f13554cdd}</UniqueIdentifier>
    </Filter>
    <Filter Include="HeadFiles\Texture">
      <UniqueIdentifier>{fe2b1423-e9dd-4e25-b93b-2b45e2922ae7}</UniqueIdentifier>
    </Filter>
    <Filter Include="ResourceFiles">
      <UniqueIdentifier>{67DA6AB6-F800-4c08-8B7A-83BB121AAD01}</UniqueIdentifier>
      <Extensions>rc;ico;cur;bmp;dlg;rc2;rct;bin;rgs;gif;jpg;jpeg;jpe;resx;tiff;tif;png;wav;mfcribbon-ms</Extensions>
    </Filter>
    <Filter Include="SourceFiles\Shaders">
      <UniqueIdentifier>{3c6a5cbf-8843-4192-ae07-7f2b2eeb67c1}</UniqueIdentifier>
    </Filter>
    <Filter Include="SourceFiles\Model">
      <UniqueIdentifier>{73dad9a9-e04b-4dba-9241-f550277b2621}</UniqueIdentifier>
    </Filter>
  </ItemGroup>
  <ItemGroup>
    <ClInclude Include="shader.h">
      <Filter>HeadFiles</Filter>
    </ClInclude>
    <ClInclude Include="camera.h">
      <Filter>HeadFiles\Camera</Filter>
    </ClInclude>
    <ClInclude Include="model.h">
      <Filter>HeadFiles\Model</Filter>
    </ClInclude>
    <ClInclude Include="mesh.h">
      <Filter>HeadFiles\Model</Filter>
    </ClInclude>
    <ClInclude Include="stb_image.h">
      <Filter>HeadFiles\Texture</Filter>
    </ClInclude>
    <ClInclude Include="..\include\glad\glad.h">
      <Filter>HeadFiles</Filter>
    </ClInclude>
    <ClInclude Include="application.h">
      <Filter>HeadFiles</Filter>
    </ClInclude>
    <ClInclude Include="texture.h">
      <Filter>HeadFiles\Texture</Filter>
    </ClInclude>
    <ClInclude Include="imgui.h">
      <Filter>HeadFiles\UI</Filter>
    </ClInclude>
    <ClInclude Include="imgui_impl_glfw.h">
      <Filter>HeadFiles\UI</Filter>
    </ClInclude>
    <ClInclude Include="imgui_impl_opengl3.h">
      <Filter>HeadFiles\UI</Filter>
    </ClInclude>
    <ClInclude Include="imgui_internal.h">
      <Filter>HeadFiles\UI</Filter>
    </ClInclude>
    <ClInclude Include="imstb_rectpack.h">
      <Filter>HeadFiles\UI</Filter>
    </ClInclude>
    <ClInclude Include="imstb_textedit.h">
      <Filter>HeadFiles\UI</Filter>
    </ClInclude>
    <ClInclude Include="imstb_truetype.h">
      <Filter>HeadFiles\UI</Filter>
    </ClInclude>
  </ItemGroup>
  <ItemGroup>
    <ClCompile Include="myopengl.cpp">
      <Filter>SourceFiles</Filter>
    </ClCompile>
    <ClCompile Include="glad.c">
      <Filter>SourceFiles</Filter>
    </ClCompile>
    <ClCompile Include="imgui.cpp">
      <Filter>SourceFiles\UI</Filter>
    </ClCompile>
    <ClCompile Include="imgui_impl_glfw.cpp">
      <Filter>SourceFiles\UI</Filter>
    </ClCompile>
    <ClCompile Include="imgui_impl_opengl3.cpp">
      <Filter>SourceFiles\UI</Filter>
    </ClCompile>
    <ClCompile Include="stb_image.cpp">
      <Filter>SourceFiles\Texture</Filter>
    </ClCompile>
    <ClCompile Include="application.cpp">
      <Filter>SourceFiles</Filter>
    </ClCompile>
    <ClCompile Include="shader.cpp">
      <Filter>SourceFiles</Filter>
    </ClCompile>
    <ClCompile Include="camera.cpp">
      <Filter>SourceFiles</Filter>
    </ClCompile>
    <ClCompile Include="model.cpp">
      <Filter>SourceFiles\Model</Filter>
    </ClCompile>
    <ClCompile Include="mesh.cpp">
      <Filter>SourceFiles\Model</Filter>
    </ClCompile>
    <ClCompile Include="texture.cpp">
      <Filter>SourceFiles\Texture</Filter>
    </ClCompile>
    <ClCompile Include="imgui_widgets.cpp">
      <Filter>SourceFiles\UI</Filter>
    </ClCompile>
    <ClCompile Include="imgui_demo.cpp">
      <Filter>SourceFiles\UI</Filter>
    </ClCompile>
    <ClCompile Include="imgui_draw.cpp">
      <Filter>SourceFiles\UI</Filter>
    </ClCompile>
  </ItemGroup>
  <ItemGroup>
    <None Include="shaders\background.fs">
      <Filter>SourceFiles\Shaders</Filter>
    </None>
    <None Include="shaders\background.vs">
      <Filter>SourceFiles\Shaders</Filter>
    </None>
    <None Include="shaders\brdf.fs">
      <Filter>SourceFiles\Shaders</Filter>
    </None>
    <None Include="shaders\brdf.vs">
      <Filter>SourceFiles\Shaders</Filter>
    </None>
    <None Include="shaders\cubeMap.vs">
      <Filter>SourceFiles\Shaders</Filter>
    </None>
    <None Include="shaders\equirectangular_to_cubeMap.fs">
      <Filter>SourceFiles\Shaders</Filter>
    </None>
    <None Include="shaders\irradiance_convolution.fs">
      <Filter>SourceFiles\Shaders</Filter>
    </None>
    <None Include="shaders\pbrshader.fs">
      <Filter>SourceFiles\Shaders</Filter>
    </None>
    <None Include="shaders\pbrshader.vs">
      <Filter>SourceFiles\Shaders</Filter>
    </None>
    <None Include="shaders\prefilter.fs">
      <Filter>SourceFiles\Shaders</Filter>
    </None>
    <None Include="shaders\quadshader.fs">
      <Filter>SourceFiles\Shaders</Filter>
    </None>
    <None Include="shaders\quadshader.vs">
      <Filter>SourceFiles\Shaders</Filter>
    </None>
    <None Include="shaders\shadowmap.f">
      <Filter>SourceFiles\Shaders</Filter>
    </None>
    <None Include="shaders\shadowmap.v">
      <Filter>SourceFiles\Shaders</Filter>
    </None>
  </ItemGroup>
</Project>